
Microsoft Visual Studio Solution File, Format Version 12.00
# Visual Studio Version 16
VisualStudioVersion = 16.0.31624.102
MinimumVisualStudioVersion = 10.0.40219.1
Project("{FAE04EC0-301F-11D3-BF4B-00C04F79EFBC}") = "exercise_8_graphics_task_1", "exercise_8_graphics_task_1\exercise_8_graphics_task_1.csproj", "{840CC5B9-AE65-46E4-8A46-C599E91FD5BB}"
EndProject
Global
	GlobalSection(SolutionConfigurationPlatforms) = preSolution
		Debug|Any CPU = Debug|Any CPU
		Release|Any CPU = Release|Any CPU
	EndGlobalSection
	GlobalSection(ProjectConfigurationPlatforms) = postSolution
		{840CC5B9-AE65-46E4-8A46-C599E91FD5BB}.Debug|Any CPU.ActiveCfg = Debug|Any CPU
		{840CC5B9-AE65-46E4-8A46-C599E91FD5BB}.Debug|Any CPU.Build.0 = Debug|Any CPU
		{840CC5B9-AE65-46E4-8A46-C599E91FD5BB}.Release|Any CPU.ActiveCfg = Release|Any CPU
		{840CC5B9-AE65-46E4-8A46-C599E91FD5BB}.Release|Any CPU.Build.0 = Release|Any CPU
	EndGlobalSection
	GlobalSection(SolutionProperties) = preSolution
		HideSolutionNode = FALSE
	EndGlobalSection
	GlobalSection(ExtensibilityGlobals) = postSolution
		SolutionGuid = {22746469-0C7C-43FF-AFA7-FE383B887082}
	EndGlobalSection
EndGlobal
